
Microsoft Visual Studio Solution File, Format Version 12.00
# Visual Studio Version 16
VisualStudioVersion = 25.0.1705.0
MinimumVisualStudioVersion = 10.0.40219.1
Project("{FAE04EC0-301F-11D3-BF4B-00C04F79EFBC}") = "Async-Client", "Async-Client\Async-Client.csproj", "{DA76F307-DA51-47CD-B1A1-533FA0E2895E}"
EndProject
Project("{FAE04EC0-301F-11D3-BF4B-00C04F79EFBC}") = "Async-Server", "Async-Server\Async-Server.csproj", "{C29D6F78-3EE6-4D78-8D5D-34066CC50AF9}"
EndProject
Global
	GlobalSection(SolutionConfigurationPlatforms) = preSolution
		Debug|Any CPU = Debug|Any CPU
		Release|Any CPU = Release|Any CPU
	EndGlobalSection
	GlobalSection(ProjectConfigurationPlatforms) = postSolution
		{DA76F307-DA51-47CD-B1A1-533FA0E2895E}.Debug|Any CPU.ActiveCfg = Debug|Any CPU
		{DA76F307-DA51-47CD-B1A1-533FA0E2895E}.Debug|Any CPU.Build.0 = Debug|Any CPU
		{DA76F307-DA51-47CD-B1A1-533FA0E2895E}.Release|Any CPU.ActiveCfg = Release|Any CPU
		{DA76F307-DA51-47CD-B1A1-533FA0E2895E}.Release|Any CPU.Build.0 = Release|Any CPU
		{C29D6F78-3EE6-4D78-8D5D-34066CC50AF9}.Debug|Any CPU.ActiveCfg = Debug|Any CPU
		{C29D6F78-3EE6-4D78-8D5D-34066CC50AF9}.Debug|Any CPU.Build.0 = Debug|Any CPU
		{C29D6F78-3EE6-4D78-8D5D-34066CC50AF9}.Release|Any CPU.ActiveCfg = Release|Any CPU
		{C29D6F78-3EE6-4D78-8D5D-34066CC50AF9}.Release|Any CPU.Build.0 = Release|Any CPU
	EndGlobalSection
	GlobalSection(SolutionProperties) = preSolution
		HideSolutionNode = FALSE
	EndGlobalSection
	GlobalSection(ExtensibilityGlobals) = postSolution
		SolutionGuid = {250E60D9-A99F-4DF1-9867-7EBBA8A546DB}
	EndGlobalSection
EndGlobal
